
Microsoft Visual Studio Solution File, Format Version 12.00
# Visual Studio 14
VisualStudioVersion = 14.0.23107.0
MinimumVisualStudioVersion = 10.0.40219.1
Project("{FAE04EC0-301F-11D3-BF4B-00C04F79EFBC}") = "ZSharp.Framework.Core", "Framework\ZSharp.Framework.Core\ZSharp.Framework.Core.csproj", "{AB3663CD-0434-4E29-84EF-B8B559F537BC}"
EndProject
Project("{FAE04EC0-301F-11D3-BF4B-00C04F79EFBC}") = "ZSharp.Framework.SqlDb", "Framework\ZSharp.Framework.SqlDb\ZSharp.Framework.SqlDb.csproj", "{33C02D28-AF0C-4BBD-BA22-3ACB43391347}"
EndProject
Project("{FAE04EC0-301F-11D3-BF4B-00C04F79EFBC}") = "ZSharp.Framework.MongoDb", "Framework\ZSharp.Framework.MongoDb\ZSharp.Framework.MongoDb.csproj", "{4C2972BC-EA18-44E9-85F7-FC76CD5EDC27}"
EndProject
Project("{FAE04EC0-301F-11D3-BF4B-00C04F79EFBC}") = "ZSharp.Framework.Redis", "Framework\ZSharp.Framework.Redis\ZSharp.Framework.Redis.csproj", "{F3EB0AA8-68A7-4B38-8708-8558143B1283}"
EndProject
Project("{FAE04EC0-301F-11D3-BF4B-00C04F79EFBC}") = "ZSharp.Framework.Configurations", "Framework\ZSharp.Framework.Configurations\ZSharp.Framework.Configurations.csproj", "{91437B74-1818-4727-B189-B1CF2CFB2F09}"
EndProject
Project("{FAE04EC0-301F-11D3-BF4B-00C04F79EFBC}") = "ZSharp.Framework.Infrastructure", "Framework\ZSharp.Framework.Infrastructure\ZSharp.Framework.Infrastructure.csproj", "{66B2F2CC-DA8F-4615-9933-6EDCDFC52A6C}"
EndProject
Project("{2150E333-8FDC-42A3-9474-1A3956D46DE8}") = "Tests", "Tests", "{D95C6325-E447-4C95-B400-9445516275C7}"
EndProject
Project("{FAE04EC0-301F-11D3-BF4B-00C04F79EFBC}") = "Framework.ConsoleTest", "Tests\Framework.ConsoleTest\Framework.ConsoleTest.csproj", "{8DA8CC96-F765-4364-96F2-D05FBE558185}"
EndProject
Project("{FAE04EC0-301F-11D3-BF4B-00C04F79EFBC}") = "Framework.Redis.Test", "Tests\Framework.Redis.Test\Framework.Redis.Test.csproj", "{118FAE29-B4B1-4DBB-BD20-5DD3B821CCF7}"
EndProject
Project("{FAE04EC0-301F-11D3-BF4B-00C04F79EFBC}") = "Framework.Infrastructure.Test", "Tests\Framework.Infrastructure.Test\Framework.Infrastructure.Test.csproj", "{E2D3D3A0-20BB-4AE3-B051-50B54C66B414}"
EndProject
Project("{FAE04EC0-301F-11D3-BF4B-00C04F79EFBC}") = "ZSharp.Framework.Domain", "Framework\ZSharp.Framework.Domain\ZSharp.Framework.Domain.csproj", "{427EC224-50F3-4BA2-8434-518C6FEA28D9}"
EndProject
Project("{FAE04EC0-301F-11D3-BF4B-00C04F79EFBC}") = "ZSharp.Framework.Serializations", "Framework\ZSharp.Framework.Serializations\ZSharp.Framework.Serializations.csproj", "{B4594B5F-676E-47B4-9F1A-D9D695A95457}"
EndProject
Project("{FAE04EC0-301F-11D3-BF4B-00C04F79EFBC}") = "ZSharp.Framework.Logging", "Framework\ZSharp.Framework.Logging\ZSharp.Framework.Logging.csproj", "{2D8850AE-67C7-4448-87B2-F3F084F36B55}"
EndProject
Project("{FAE04EC0-301F-11D3-BF4B-00C04F79EFBC}") = "Framework.Test.Core", "Tests\Framework.Test.Core\Framework.Test.Core.csproj", "{C39C2567-5A34-4988-BB00-D5F99D50F14A}"
EndProject
Project("{FAE04EC0-301F-11D3-BF4B-00C04F79EFBC}") = "Framework.Domain.Test", "Tests\Framework.Domain.Test\Framework.Domain.Test.csproj", "{1FCE796E-87E8-40CF-BE0F-4E06E90ABB96}"
EndProject
Project("{FAE04EC0-301F-11D3-BF4B-00C04F79EFBC}") = "ZSharp.Framework.EfExtensions", "Framework\ZSharp.Framework.EfExtensions\ZSharp.Framework.EfExtensions.csproj", "{500F07EF-FC30-4968-A330-479276AC1124}"
EndProject
Project("{FAE04EC0-301F-11D3-BF4B-00C04F79EFBC}") = "ZSharp.Framework.Caching", "Framework\ZSharp.Framework.Caching\ZSharp.Framework.Caching.csproj", "{4E6380C9-050B-4177-BB04-BF74C132E564}"
EndProject
Project("{FAE04EC0-301F-11D3-BF4B-00C04F79EFBC}") = "ZSharp.Framework.WebApi", "Framework\ZSharp.Framework.WebApi\ZSharp.Framework.WebApi.csproj", "{2FA56706-0BDC-4F32-967B-0848A0E34CE2}"
EndProject
Global
	GlobalSection(SolutionConfigurationPlatforms) = preSolution
		Debug|Any CPU = Debug|Any CPU
		Release|Any CPU = Release|Any CPU
	EndGlobalSection
	GlobalSection(ProjectConfigurationPlatforms) = postSolution
		{AB3663CD-0434-4E29-84EF-B8B559F537BC}.Debug|Any CPU.ActiveCfg = Debug|Any CPU
		{AB3663CD-0434-4E29-84EF-B8B559F537BC}.Debug|Any CPU.Build.0 = Debug|Any CPU
		{AB3663CD-0434-4E29-84EF-B8B559F537BC}.Release|Any CPU.ActiveCfg = Release|Any CPU
		{AB3663CD-0434-4E29-84EF-B8B559F537BC}.Release|Any CPU.Build.0 = Release|Any CPU
		{33C02D28-AF0C-4BBD-BA22-3ACB43391347}.Debug|Any CPU.ActiveCfg = Debug|Any CPU
		{33C02D28-AF0C-4BBD-BA22-3ACB43391347}.Debug|Any CPU.Build.0 = Debug|Any CPU
		{33C02D28-AF0C-4BBD-BA22-3ACB43391347}.Release|Any CPU.ActiveCfg = Release|Any CPU
		{33C02D28-AF0C-4BBD-BA22-3ACB43391347}.Release|Any CPU.Build.0 = Release|Any CPU
		{4C2972BC-EA18-44E9-85F7-FC76CD5EDC27}.Debug|Any CPU.ActiveCfg = Debug|Any CPU
		{4C2972BC-EA18-44E9-85F7-FC76CD5EDC27}.Debug|Any CPU.Build.0 = Debug|Any CPU
		{4C2972BC-EA18-44E9-85F7-FC76CD5EDC27}.Release|Any CPU.ActiveCfg = Release|Any CPU
		{4C2972BC-EA18-44E9-85F7-FC76CD5EDC27}.Release|Any CPU.Build.0 = Release|Any CPU
		{F3EB0AA8-68A7-4B38-8708-8558143B1283}.Debug|Any CPU.ActiveCfg = Debug|Any CPU
		{F3EB0AA8-68A7-4B38-8708-8558143B1283}.Debug|Any CPU.Build.0 = Debug|Any CPU
		{F3EB0AA8-68A7-4B38-8708-8558143B1283}.Release|Any CPU.ActiveCfg = Release|Any CPU
		{F3EB0AA8-68A7-4B38-8708-8558143B1283}.Release|Any CPU.Build.0 = Release|Any CPU
		{91437B74-1818-4727-B189-B1CF2CFB2F09}.Debug|Any CPU.ActiveCfg = Debug|Any CPU
		{91437B74-1818-4727-B189-B1CF2CFB2F09}.Debug|Any CPU.Build.0 = Debug|Any CPU
		{91437B74-1818-4727-B189-B1CF2CFB2F09}.Release|Any CPU.ActiveCfg = Release|Any CPU
		{91437B74-1818-4727-B189-B1CF2CFB2F09}.Release|Any CPU.Build.0 = Release|Any CPU
		{66B2F2CC-DA8F-4615-9933-6EDCDFC52A6C}.Debug|Any CPU.ActiveCfg = Debug|Any CPU
		{66B2F2CC-DA8F-4615-9933-6EDCDFC52A6C}.Debug|Any CPU.Build.0 = Debug|Any CPU
		{66B2F2CC-DA8F-4615-9933-6EDCDFC52A6C}.Release|Any CPU.ActiveCfg = Release|Any CPU
		{66B2F2CC-DA8F-4615-9933-6EDCDFC52A6C}.Release|Any CPU.Build.0 = Release|Any CPU
		{8DA8CC96-F765-4364-96F2-D05FBE558185}.Debug|Any CPU.ActiveCfg = Debug|Any CPU
		{8DA8CC96-F765-4364-96F2-D05FBE558185}.Debug|Any CPU.Build.0 = Debug|Any CPU
		{8DA8CC96-F765-4364-96F2-D05FBE558185}.Release|Any CPU.ActiveCfg = Release|Any CPU
		{8DA8CC96-F765-4364-96F2-D05FBE558185}.Release|Any CPU.Build.0 = Release|Any CPU
		{118FAE29-B4B1-4DBB-BD20-5DD3B821CCF7}.Debug|Any CPU.ActiveCfg = Debug|Any CPU
		{118FAE29-B4B1-4DBB-BD20-5DD3B821CCF7}.Debug|Any CPU.Build.0 = Debug|Any CPU
		{118FAE29-B4B1-4DBB-BD20-5DD3B821CCF7}.Release|Any CPU.ActiveCfg = Release|Any CPU
		{118FAE29-B4B1-4DBB-BD20-5DD3B821CCF7}.Release|Any CPU.Build.0 = Release|Any CPU
		{E2D3D3A0-20BB-4AE3-B051-50B54C66B414}.Debug|Any CPU.ActiveCfg = Debug|Any CPU
		{E2D3D3A0-20BB-4AE3-B051-50B54C66B414}.Debug|Any CPU.Build.0 = Debug|Any CPU
		{E2D3D3A0-20BB-4AE3-B051-50B54C66B414}.Release|Any CPU.ActiveCfg = Release|Any CPU
		{E2D3D3A0-20BB-4AE3-B051-50B54C66B414}.Release|Any CPU.Build.0 = Release|Any CPU
		{427EC224-50F3-4BA2-8434-518C6FEA28D9}.Debug|Any CPU.ActiveCfg = Debug|Any CPU
		{427EC224-50F3-4BA2-8434-518C6FEA28D9}.Debug|Any CPU.Build.0 = Debug|Any CPU
		{427EC224-50F3-4BA2-8434-518C6FEA28D9}.Release|Any CPU.ActiveCfg = Release|Any CPU
		{427EC224-50F3-4BA2-8434-518C6FEA28D9}.Release|Any CPU.Build.0 = Release|Any CPU
		{B4594B5F-676E-47B4-9F1A-D9D695A95457}.Debug|Any CPU.ActiveCfg = Debug|Any CPU
		{B4594B5F-676E-47B4-9F1A-D9D695A95457}.Debug|Any CPU.Build.0 = Debug|Any CPU
		{B4594B5F-676E-47B4-9F1A-D9D695A95457}.Release|Any CPU.ActiveCfg = Release|Any CPU
		{B4594B5F-676E-47B4-9F1A-D9D695A95457}.Release|Any CPU.Build.0 = Release|Any CPU
		{2D8850AE-67C7-4448-87B2-F3F084F36B55}.Debug|Any CPU.ActiveCfg = Debug|Any CPU
		{2D8850AE-67C7-4448-87B2-F3F084F36B55}.Debug|Any CPU.Build.0 = Debug|Any CPU
		{2D8850AE-67C7-4448-87B2-F3F084F36B55}.Release|Any CPU.ActiveCfg = Release|Any CPU
		{2D8850AE-67C7-4448-87B2-F3F084F36B55}.Release|Any CPU.Build.0 = Release|Any CPU
		{C39C2567-5A34-4988-BB00-D5F99D50F14A}.Debug|Any CPU.ActiveCfg = Debug|Any CPU
		{C39C2567-5A34-4988-BB00-D5F99D50F14A}.Debug|Any CPU.Build.0 = Debug|Any CPU
		{C39C2567-5A34-4988-BB00-D5F99D50F14A}.Release|Any CPU.ActiveCfg = Release|Any CPU
		{C39C2567-5A34-4988-BB00-D5F99D50F14A}.Release|Any CPU.Build.0 = Release|Any CPU
		{1FCE796E-87E8-40CF-BE0F-4E06E90ABB96}.Debug|Any CPU.ActiveCfg = Debug|Any CPU
		{1FCE796E-87E8-40CF-BE0F-4E06E90ABB96}.Debug|Any CPU.Build.0 = Debug|Any CPU
		{1FCE796E-87E8-40CF-BE0F-4E06E90ABB96}.Release|Any CPU.ActiveCfg = Release|Any CPU
		{1FCE796E-87E8-40CF-BE0F-4E06E90ABB96}.Release|Any CPU.Build.0 = Release|Any CPU
		{500F07EF-FC30-4968-A330-479276AC1124}.Debug|Any CPU.ActiveCfg = Debug|Any CPU
		{500F07EF-FC30-4968-A330-479276AC1124}.Debug|Any CPU.Build.0 = Debug|Any CPU
		{500F07EF-FC30-4968-A330-479276AC1124}.Release|Any CPU.ActiveCfg = Release|Any CPU
		{500F07EF-FC30-4968-A330-479276AC1124}.Release|Any CPU.Build.0 = Release|Any CPU
		{4E6380C9-050B-4177-BB04-BF74C132E564}.Debug|Any CPU.ActiveCfg = Debug|Any CPU
		{4E6380C9-050B-4177-BB04-BF74C132E564}.Debug|Any CPU.Build.0 = Debug|Any CPU
		{4E6380C9-050B-4177-BB04-BF74C132E564}.Release|Any CPU.ActiveCfg = Release|Any CPU
		{4E6380C9-050B-4177-BB04-BF74C132E564}.Release|Any CPU.Build.0 = Release|Any CPU
		{2FA56706-0BDC-4F32-967B-0848A0E34CE2}.Debug|Any CPU.ActiveCfg = Debug|Any CPU
		{2FA56706-0BDC-4F32-967B-0848A0E34CE2}.Debug|Any CPU.Build.0 = Debug|Any CPU
		{2FA56706-0BDC-4F32-967B-0848A0E34CE2}.Release|Any CPU.ActiveCfg = Release|Any CPU
		{2FA56706-0BDC-4F32-967B-0848A0E34CE2}.Release|Any CPU.Build.0 = Release|Any CPU
	EndGlobalSection
	GlobalSection(SolutionProperties) = preSolution
		HideSolutionNode = FALSE
	EndGlobalSection
	GlobalSection(NestedProjects) = preSolution
		{8DA8CC96-F765-4364-96F2-D05FBE558185} = {D95C6325-E447-4C95-B400-9445516275C7}
		{118FAE29-B4B1-4DBB-BD20-5DD3B821CCF7} = {D95C6325-E447-4C95-B400-9445516275C7}
		{E2D3D3A0-20BB-4AE3-B051-50B54C66B414} = {D95C6325-E447-4C95-B400-9445516275C7}
		{C39C2567-5A34-4988-BB00-D5F99D50F14A} = {D95C6325-E447-4C95-B400-9445516275C7}
		{1FCE796E-87E8-40CF-BE0F-4E06E90ABB96} = {D95C6325-E447-4C95-B400-9445516275C7}
	EndGlobalSection
EndGlobal
