
Microsoft Visual Studio Solution File, Format Version 12.00
# Visual Studio 14
VisualStudioVersion = 14.0.23107.0
MinimumVisualStudioVersion = 10.0.40219.1
Project("{FAE04EC0-301F-11D3-BF4B-00C04F79EFBC}") = "ZSharp.Framework.Core", "Framework\ZSharp.Framework.Core\ZSharp.Framework.Core.csproj", "{AB3663CD-0434-4E29-84EF-B8B559F537BC}"
EndProject
Project("{FAE04EC0-301F-11D3-BF4B-00C04F79EFBC}") = "ZSharp.Framework.SqlDb", "Framework\ZSharp.Framework.SqlDb\ZSharp.Framework.SqlDb.csproj", "{33C02D28-AF0C-4BBD-BA22-3ACB43391347}"
EndProject
Project("{FAE04EC0-301F-11D3-BF4B-00C04F79EFBC}") = "ZSharp.Framework.MongoDb", "Framework\ZSharp.Framework.MongoDb\ZSharp.Framework.MongoDb.csproj", "{4C2972BC-EA18-44E9-85F7-FC76CD5EDC27}"
EndProject
Project("{FAE04EC0-301F-11D3-BF4B-00C04F79EFBC}") = "ZSharp.Framework.Redis", "Framework\ZSharp.Framework.Redis\ZSharp.Framework.Redis.csproj", "{F3EB0AA8-68A7-4B38-8708-8558143B1283}"
EndProject
Project("{FAE04EC0-301F-11D3-BF4B-00C04F79EFBC}") = "ZSharp.Framework.Configurations", "Framework\ZSharp.Framework.Configurations\ZSharp.Framework.Configurations.csproj", "{91437B74-1818-4727-B189-B1CF2CFB2F09}"
EndProject
Project("{FAE04EC0-301F-11D3-BF4B-00C04F79EFBC}") = "ZSharp.Framework.Infrastructure", "Framework\ZSharp.Framework.Infrastructure\ZSharp.Framework.Infrastructure.csproj", "{66B2F2CC-DA8F-4615-9933-6EDCDFC52A6C}"
EndProject
Project("{2150E333-8FDC-42A3-9474-1A3956D46DE8}") = "Tests", "Tests", "{D95C6325-E447-4C95-B400-9445516275C7}"
EndProject
Project("{FAE04EC0-301F-11D3-BF4B-00C04F79EFBC}") = "Framework.ConsoleTest", "Tests\Framework.ConsoleTest\Framework.ConsoleTest.csproj", "{8DA8CC96-F765-4364-96F2-D05FBE558185}"
EndProject
Global
	GlobalSection(SolutionConfigurationPlatforms) = preSolution
		Debug|Any CPU = Debug|Any CPU
		Release|Any CPU = Release|Any CPU
	EndGlobalSection
	GlobalSection(ProjectConfigurationPlatforms) = postSolution
		{AB3663CD-0434-4E29-84EF-B8B559F537BC}.Debug|Any CPU.ActiveCfg = Debug|Any CPU
		{AB3663CD-0434-4E29-84EF-B8B559F537BC}.Debug|Any CPU.Build.0 = Debug|Any CPU
		{AB3663CD-0434-4E29-84EF-B8B559F537BC}.Release|Any CPU.ActiveCfg = Release|Any CPU
		{AB3663CD-0434-4E29-84EF-B8B559F537BC}.Release|Any CPU.Build.0 = Release|Any CPU
		{33C02D28-AF0C-4BBD-BA22-3ACB43391347}.Debug|Any CPU.ActiveCfg = Debug|Any CPU
		{33C02D28-AF0C-4BBD-BA22-3ACB43391347}.Debug|Any CPU.Build.0 = Debug|Any CPU
		{33C02D28-AF0C-4BBD-BA22-3ACB43391347}.Release|Any CPU.ActiveCfg = Release|Any CPU
		{33C02D28-AF0C-4BBD-BA22-3ACB43391347}.Release|Any CPU.Build.0 = Release|Any CPU
		{4C2972BC-EA18-44E9-85F7-FC76CD5EDC27}.Debug|Any CPU.ActiveCfg = Debug|Any CPU
		{4C2972BC-EA18-44E9-85F7-FC76CD5EDC27}.Debug|Any CPU.Build.0 = Debug|Any CPU
		{4C2972BC-EA18-44E9-85F7-FC76CD5EDC27}.Release|Any CPU.ActiveCfg = Release|Any CPU
		{4C2972BC-EA18-44E9-85F7-FC76CD5EDC27}.Release|Any CPU.Build.0 = Release|Any CPU
		{F3EB0AA8-68A7-4B38-8708-8558143B1283}.Debug|Any CPU.ActiveCfg = Debug|Any CPU
		{F3EB0AA8-68A7-4B38-8708-8558143B1283}.Debug|Any CPU.Build.0 = Debug|Any CPU
		{F3EB0AA8-68A7-4B38-8708-8558143B1283}.Release|Any CPU.ActiveCfg = Release|Any CPU
		{F3EB0AA8-68A7-4B38-8708-8558143B1283}.Release|Any CPU.Build.0 = Release|Any CPU
		{91437B74-1818-4727-B189-B1CF2CFB2F09}.Debug|Any CPU.ActiveCfg = Debug|Any CPU
		{91437B74-1818-4727-B189-B1CF2CFB2F09}.Debug|Any CPU.Build.0 = Debug|Any CPU
		{91437B74-1818-4727-B189-B1CF2CFB2F09}.Release|Any CPU.ActiveCfg = Release|Any CPU
		{91437B74-1818-4727-B189-B1CF2CFB2F09}.Release|Any CPU.Build.0 = Release|Any CPU
		{66B2F2CC-DA8F-4615-9933-6EDCDFC52A6C}.Debug|Any CPU.ActiveCfg = Debug|Any CPU
		{66B2F2CC-DA8F-4615-9933-6EDCDFC52A6C}.Debug|Any CPU.Build.0 = Debug|Any CPU
		{66B2F2CC-DA8F-4615-9933-6EDCDFC52A6C}.Release|Any CPU.ActiveCfg = Release|Any CPU
		{66B2F2CC-DA8F-4615-9933-6EDCDFC52A6C}.Release|Any CPU.Build.0 = Release|Any CPU
		{8DA8CC96-F765-4364-96F2-D05FBE558185}.Debug|Any CPU.ActiveCfg = Debug|Any CPU
		{8DA8CC96-F765-4364-96F2-D05FBE558185}.Debug|Any CPU.Build.0 = Debug|Any CPU
		{8DA8CC96-F765-4364-96F2-D05FBE558185}.Release|Any CPU.ActiveCfg = Release|Any CPU
		{8DA8CC96-F765-4364-96F2-D05FBE558185}.Release|Any CPU.Build.0 = Release|Any CPU
	EndGlobalSection
	GlobalSection(SolutionProperties) = preSolution
		HideSolutionNode = FALSE
	EndGlobalSection
	GlobalSection(NestedProjects) = preSolution
		{8DA8CC96-F765-4364-96F2-D05FBE558185} = {D95C6325-E447-4C95-B400-9445516275C7}
	EndGlobalSection
EndGlobal
