
Microsoft Visual Studio Solution File, Format Version 12.00
# Visual Studio 14
VisualStudioVersion = 14.0.23107.0
MinimumVisualStudioVersion = 10.0.40219.1
Project("{2150E333-8FDC-42A3-9474-1A3956D46DE8}") = "1- Creational Patterns", "1- Creational Patterns", "{05112E7B-5400-4C2D-B6C3-54D078AD00D7}"
EndProject
Project("{FAE04EC0-301F-11D3-BF4B-00C04F79EFBC}") = "BuilderPattern", "BuilderPattern\BuilderPattern.csproj", "{5F9C458B-14ED-497A-B808-7D1819442BC2}"
EndProject
Global
	GlobalSection(SolutionConfigurationPlatforms) = preSolution
		Debug|Any CPU = Debug|Any CPU
		Release|Any CPU = Release|Any CPU
	EndGlobalSection
	GlobalSection(ProjectConfigurationPlatforms) = postSolution
		{5F9C458B-14ED-497A-B808-7D1819442BC2}.Debug|Any CPU.ActiveCfg = Debug|Any CPU
		{5F9C458B-14ED-497A-B808-7D1819442BC2}.Debug|Any CPU.Build.0 = Debug|Any CPU
		{5F9C458B-14ED-497A-B808-7D1819442BC2}.Release|Any CPU.ActiveCfg = Release|Any CPU
		{5F9C458B-14ED-497A-B808-7D1819442BC2}.Release|Any CPU.Build.0 = Release|Any CPU
	EndGlobalSection
	GlobalSection(SolutionProperties) = preSolution
		HideSolutionNode = FALSE
	EndGlobalSection
	GlobalSection(NestedProjects) = preSolution
		{5F9C458B-14ED-497A-B808-7D1819442BC2} = {05112E7B-5400-4C2D-B6C3-54D078AD00D7}
	EndGlobalSection
EndGlobal
